
Microsoft Visual Studio Solution File, Format Version 12.00
# Visual Studio Version 17
VisualStudioVersion = 17.8.34330.188
MinimumVisualStudioVersion = 10.0.40219.1
Project("{9A19103F-16F7-4668-BE54-9A1E7A4F7556}") = "UserServiceMVC", "UserServiceMVC\UserServiceMVC.csproj", "{C29E46AB-B1F7-4458-9D24-D1F259A7F115}"
EndProject
Project("{9A19103F-16F7-4668-BE54-9A1E7A4F7556}") = "KafkaConsumer", "KafkaConsumer\KafkaConsumer.csproj", "{0F69B699-7BAD-4B57-9703-40E1C99F0C54}"
EndProject
Global
	GlobalSection(SolutionConfigurationPlatforms) = preSolution
		Debug|Any CPU = Debug|Any CPU
		Release|Any CPU = Release|Any CPU
	EndGlobalSection
	GlobalSection(ProjectConfigurationPlatforms) = postSolution
		{C29E46AB-B1F7-4458-9D24-D1F259A7F115}.Debug|Any CPU.ActiveCfg = Debug|Any CPU
		{C29E46AB-B1F7-4458-9D24-D1F259A7F115}.Debug|Any CPU.Build.0 = Debug|Any CPU
		{C29E46AB-B1F7-4458-9D24-D1F259A7F115}.Release|Any CPU.ActiveCfg = Release|Any CPU
		{C29E46AB-B1F7-4458-9D24-D1F259A7F115}.Release|Any CPU.Build.0 = Release|Any CPU
		{0F69B699-7BAD-4B57-9703-40E1C99F0C54}.Debug|Any CPU.ActiveCfg = Debug|Any CPU
		{0F69B699-7BAD-4B57-9703-40E1C99F0C54}.Debug|Any CPU.Build.0 = Debug|Any CPU
		{0F69B699-7BAD-4B57-9703-40E1C99F0C54}.Release|Any CPU.ActiveCfg = Release|Any CPU
		{0F69B699-7BAD-4B57-9703-40E1C99F0C54}.Release|Any CPU.Build.0 = Release|Any CPU
	EndGlobalSection
	GlobalSection(SolutionProperties) = preSolution
		HideSolutionNode = FALSE
	EndGlobalSection
	GlobalSection(ExtensibilityGlobals) = postSolution
		SolutionGuid = {02E52A6A-1D4D-4342-9D4B-9D59CC1D82E2}
	EndGlobalSection
EndGlobal
